// !$*UTF8*$!
{
	archiveVersion = 1;
	classes = {
	};
	objectVersion = 56;
	objects = {

/* Begin PBXBuildFile section */
		327212002B8DE3C100BB6B4F /* MoodsConfigurable.swift in Sources */ = {isa = PBXBuildFile; fileRef = 327211FF2B8DE3C100BB6B4F /* MoodsConfigurable.swift */; };
		327FF8A02B8DA8AB00942AA3 /* MoodListViewController.swift in Sources */ = {isa = PBXBuildFile; fileRef = 327FF89F2B8DA8AB00942AA3 /* MoodListViewController.swift */; };
		3281C7842B888EE60073C074 /* AppDelegate.swift in Sources */ = {isa = PBXBuildFile; fileRef = 3281C7832B888EE60073C074 /* AppDelegate.swift */; };
		3281C7862B888EE60073C074 /* SceneDelegate.swift in Sources */ = {isa = PBXBuildFile; fileRef = 3281C7852B888EE60073C074 /* SceneDelegate.swift */; };
		3281C7882B888EE60073C074 /* MoodSelectionViewController.swift in Sources */ = {isa = PBXBuildFile; fileRef = 3281C7872B888EE60073C074 /* MoodSelectionViewController.swift */; };
		3281C78B2B888EE60073C074 /* Main.storyboard in Resources */ = {isa = PBXBuildFile; fileRef = 3281C7892B888EE60073C074 /* Main.storyboard */; };
		3281C78D2B888EE70073C074 /* Assets.xcassets in Resources */ = {isa = PBXBuildFile; fileRef = 3281C78C2B888EE70073C074 /* Assets.xcassets */; };
		3281C7902B888EE70073C074 /* LaunchScreen.storyboard in Resources */ = {isa = PBXBuildFile; fileRef = 3281C78E2B888EE70073C074 /* LaunchScreen.storyboard */; };
		3281C7982B88965E0073C074 /* Mood.swift in Sources */ = {isa = PBXBuildFile; fileRef = 3281C7972B88965E0073C074 /* Mood.swift */; };
		3281C79A2B889ABC0073C074 /* MoodEntry.swift in Sources */ = {isa = PBXBuildFile; fileRef = 3281C7992B889ABC0073C074 /* MoodEntry.swift */; };
		3281C79C2B88A3DF0073C074 /* UIColor+Mandala.swift in Sources */ = {isa = PBXBuildFile; fileRef = 3281C79B2B88A3DF0073C074 /* UIColor+Mandala.swift */; };
		3281C79E2B88A4E70073C074 /* UIImage+Mandala.swift in Sources */ = {isa = PBXBuildFile; fileRef = 3281C79D2B88A4E70073C074 /* UIImage+Mandala.swift */; };
		32E95A102B8DFE1B00E0C03D /* ImageSelector.swift in Sources */ = {isa = PBXBuildFile; fileRef = 32E95A0F2B8DFE1B00E0C03D /* ImageSelector.swift */; };
/* End PBXBuildFile section */

/* Begin PBXFileReference section */
		327211FF2B8DE3C100BB6B4F /* MoodsConfigurable.swift */ = {isa = PBXFileReference; lastKnownFileType = sourcecode.swift; path = MoodsConfigurable.swift; sourceTree = "<group>"; };
		327FF89F2B8DA8AB00942AA3 /* MoodListViewController.swift */ = {isa = PBXFileReference; lastKnownFileType = sourcecode.swift; path = MoodListViewController.swift; sourceTree = "<group>"; };
		3281C7802B888EE60073C074 /* Mandala.app */ = {isa = PBXFileReference; explicitFileType = wrapper.application; includeInIndex = 0; path = Mandala.app; sourceTree = BUILT_PRODUCTS_DIR; };
		3281C7832B888EE60073C074 /* AppDelegate.swift */ = {isa = PBXFileReference; lastKnownFileType = sourcecode.swift; path = AppDelegate.swift; sourceTree = "<group>"; };
		3281C7852B888EE60073C074 /* SceneDelegate.swift */ = {isa = PBXFileReference; lastKnownFileType = sourcecode.swift; path = SceneDelegate.swift; sourceTree = "<group>"; };
		3281C7872B888EE60073C074 /* MoodSelectionViewController.swift */ = {isa = PBXFileReference; lastKnownFileType = sourcecode.swift; path = MoodSelectionViewController.swift; sourceTree = "<group>"; };
		3281C78A2B888EE60073C074 /* Base */ = {isa = PBXFileReference; lastKnownFileType = file.storyboard; name = Base; path = Base.lproj/Main.storyboard; sourceTree = "<group>"; };
		3281C78C2B888EE70073C074 /* Assets.xcassets */ = {isa = PBXFileReference; lastKnownFileType = folder.assetcatalog; path = Assets.xcassets; sourceTree = "<group>"; };
		3281C78F2B888EE70073C074 /* Base */ = {isa = PBXFileReference; lastKnownFileType = file.storyboard; name = Base; path = Base.lproj/LaunchScreen.storyboard; sourceTree = "<group>"; };
		3281C7912B888EE70073C074 /* Info.plist */ = {isa = PBXFileReference; lastKnownFileType = text.plist.xml; path = Info.plist; sourceTree = "<group>"; };
		3281C7972B88965E0073C074 /* Mood.swift */ = {isa = PBXFileReference; lastKnownFileType = sourcecode.swift; path = Mood.swift; sourceTree = "<group>"; };
		3281C7992B889ABC0073C074 /* MoodEntry.swift */ = {isa = PBXFileReference; lastKnownFileType = sourcecode.swift; path = MoodEntry.swift; sourceTree = "<group>"; };
		3281C79B2B88A3DF0073C074 /* UIColor+Mandala.swift */ = {isa = PBXFileReference; lastKnownFileType = sourcecode.swift; path = "UIColor+Mandala.swift"; sourceTree = "<group>"; };
		3281C79D2B88A4E70073C074 /* UIImage+Mandala.swift */ = {isa = PBXFileReference; lastKnownFileType = sourcecode.swift; path = "UIImage+Mandala.swift"; sourceTree = "<group>"; };
		32E95A0F2B8DFE1B00E0C03D /* ImageSelector.swift */ = {isa = PBXFileReference; lastKnownFileType = sourcecode.swift; path = ImageSelector.swift; sourceTree = "<group>"; };
/* End PBXFileReference section */

/* Begin PBXFrameworksBuildPhase section */
		3281C77D2B888EE60073C074 /* Frameworks */ = {
			isa = PBXFrameworksBuildPhase;
			buildActionMask = 2147483647;
			files = (
			);
			runOnlyForDeploymentPostprocessing = 0;
		};
/* End PBXFrameworksBuildPhase section */

/* Begin PBXGroup section */
		3281C7772B888EE60073C074 = {
			isa = PBXGroup;
			children = (
				3281C7822B888EE60073C074 /* Mandala */,
				3281C7812B888EE60073C074 /* Products */,
			);
			sourceTree = "<group>";
		};
		3281C7812B888EE60073C074 /* Products */ = {
			isa = PBXGroup;
			children = (
				3281C7802B888EE60073C074 /* Mandala.app */,
			);
			name = Products;
			sourceTree = "<group>";
		};
		3281C7822B888EE60073C074 /* Mandala */ = {
			isa = PBXGroup;
			children = (
				3281C7832B888EE60073C074 /* AppDelegate.swift */,
				3281C7852B888EE60073C074 /* SceneDelegate.swift */,
				3281C7872B888EE60073C074 /* MoodSelectionViewController.swift */,
				3281C7892B888EE60073C074 /* Main.storyboard */,
				3281C78C2B888EE70073C074 /* Assets.xcassets */,
				3281C78E2B888EE70073C074 /* LaunchScreen.storyboard */,
				3281C7912B888EE70073C074 /* Info.plist */,
				3281C7972B88965E0073C074 /* Mood.swift */,
				3281C7992B889ABC0073C074 /* MoodEntry.swift */,
				3281C79B2B88A3DF0073C074 /* UIColor+Mandala.swift */,
				3281C79D2B88A4E70073C074 /* UIImage+Mandala.swift */,
				327FF89F2B8DA8AB00942AA3 /* MoodListViewController.swift */,
				327211FF2B8DE3C100BB6B4F /* MoodsConfigurable.swift */,
				32E95A0F2B8DFE1B00E0C03D /* ImageSelector.swift */,
			);
			path = Mandala;
			sourceTree = "<group>";
		};
/* End PBXGroup section */

/* Begin PBXNativeTarget section */
		3281C77F2B888EE60073C074 /* Mandala */ = {
			isa = PBXNativeTarget;
			buildConfigurationList = 3281C7942B888EE70073C074 /* Build configuration list for PBXNativeTarget "Mandala" */;
			buildPhases = (
				3281C77C2B888EE60073C074 /* Sources */,
				3281C77D2B888EE60073C074 /* Frameworks */,
				3281C77E2B888EE60073C074 /* Resources */,
			);
			buildRules = (
			);
			dependencies = (
			);
			name = Mandala;
			productName = Mandala;
			productReference = 3281C7802B888EE60073C074 /* Mandala.app */;
			productType = "com.apple.product-type.application";
		};
/* End PBXNativeTarget section */

/* Begin PBXProject section */
		3281C7782B888EE60073C074 /* Project object */ = {
			isa = PBXProject;
			attributes = {
				BuildIndependentTargetsInParallel = 1;
				LastSwiftUpdateCheck = 1520;
				LastUpgradeCheck = 1520;
				TargetAttributes = {
					3281C77F2B888EE60073C074 = {
						CreatedOnToolsVersion = 15.2;
					};
				};
			};
			buildConfigurationList = 3281C77B2B888EE60073C074 /* Build configuration list for PBXProject "Mandala" */;
			compatibilityVersion = "Xcode 14.0";
			developmentRegion = en;
			hasScannedForEncodings = 0;
			knownRegions = (
				en,
				Base,
			);
			mainGroup = 3281C7772B888EE60073C074;
			productRefGroup = 3281C7812B888EE60073C074 /* Products */;
			projectDirPath = "";
			projectRoot = "";
			targets = (
				3281C77F2B888EE60073C074 /* Mandala */,
			);
		};
/* End PBXProject section */

/* Begin PBXResourcesBuildPhase section */
		3281C77E2B888EE60073C074 /* Resources */ = {
			isa = PBXResourcesBuildPhase;
			buildActionMask = 2147483647;
			files = (
				3281C7902B888EE70073C074 /* LaunchScreen.storyboard in Resources */,
				3281C78D2B888EE70073C074 /* Assets.xcassets in Resources */,
				3281C78B2B888EE60073C074 /* Main.storyboard in Resources */,
			);
			runOnlyForDeploymentPostprocessing = 0;
		};
/* End PBXResourcesBuildPhase section */

/* Begin PBXSourcesBuildPhase section */
		3281C77C2B888EE60073C074 /* Sources */ = {
			isa = PBXSourcesBuildPhase;
			buildActionMask = 2147483647;
			files = (
				3281C7982B88965E0073C074 /* Mood.swift in Sources */,
				327FF8A02B8DA8AB00942AA3 /* MoodListViewController.swift in Sources */,
				3281C7882B888EE60073C074 /* MoodSelectionViewController.swift in Sources */,
				3281C79A2B889ABC0073C074 /* MoodEntry.swift in Sources */,
				327212002B8DE3C100BB6B4F /* MoodsConfigurable.swift in Sources */,
				3281C7842B888EE60073C074 /* AppDelegate.swift in Sources */,
				3281C79C2B88A3DF0073C074 /* UIColor+Mandala.swift in Sources */,
				3281C79E2B88A4E70073C074 /* UIImage+Mandala.swift in Sources */,
				32E95A102B8DFE1B00E0C03D /* ImageSelector.swift in Sources */,
				3281C7862B888EE60073C074 /* SceneDelegate.swift in Sources */,
			);
			runOnlyForDeploymentPostprocessing = 0;
		};
/* End PBXSourcesBuildPhase section */

/* Begin PBXVariantGroup section */
		3281C7892B888EE60073C074 /* Main.storyboard */ = {
			isa = PBXVariantGroup;
			children = (
				3281C78A2B888EE60073C074 /* Base */,
			);
			name = Main.storyboard;
			sourceTree = "<group>";
		};
		3281C78E2B888EE70073C074 /* LaunchScreen.storyboard */ = {
			isa = PBXVariantGroup;
			children = (
				3281C78F2B888EE70073C074 /* Base */,
			);
			name = LaunchScreen.storyboard;
			sourceTree = "<group>";
		};
/* End PBXVariantGroup section */

/* Begin XCBuildConfiguration section */
		3281C7922B888EE70073C074 /* Debug */ = {
			isa = XCBuildConfiguration;
			buildSettings = {
				ALWAYS_SEARCH_USER_PATHS = NO;
				ASSETCATALOG_COMPILER_GENERATE_SWIFT_ASSET_SYMBOL_EXTENSIONS = YES;
				CLANG_ANALYZER_NONNULL = YES;
				CLANG_ANALYZER_NUMBER_OBJECT_CONVERSION = YES_AGGRESSIVE;
				CLANG_CXX_LANGUAGE_STANDARD = "gnu++20";
				CLANG_ENABLE_MODULES = YES;
				CLANG_ENABLE_OBJC_ARC = YES;
				CLANG_ENABLE_OBJC_WEAK = YES;
				CLANG_WARN_BLOCK_CAPTURE_AUTORELEASING = YES;
				CLANG_WARN_BOOL_CONVERSION = YES;
				CLANG_WARN_COMMA = YES;
				CLANG_WARN_CONSTANT_CONVERSION = YES;
				CLANG_WARN_DEPRECATED_OBJC_IMPLEMENTATIONS = YES;
				CLANG_WARN_DIRECT_OBJC_ISA_USAGE = YES_ERROR;
				CLANG_WARN_DOCUMENTATION_COMMENTS = YES;
				CLANG_WARN_EMPTY_BODY = YES;
				CLANG_WARN_ENUM_CONVERSION = YES;
				CLANG_WARN_INFINITE_RECURSION = YES;
				CLANG_WARN_INT_CONVERSION = YES;
				CLANG_WARN_NON_LITERAL_NULL_CONVERSION = YES;
				CLANG_WARN_OBJC_IMPLICIT_RETAIN_SELF = YES;
				CLANG_WARN_OBJC_LITERAL_CONVERSION = YES;
				CLANG_WARN_OBJC_ROOT_CLASS = YES_ERROR;
				CLANG_WARN_QUOTED_INCLUDE_IN_FRAMEWORK_HEADER = YES;
				CLANG_WARN_RANGE_LOOP_ANALYSIS = YES;
				CLANG_WARN_STRICT_PROTOTYPES = YES;
				CLANG_WARN_SUSPICIOUS_MOVE = YES;
				CLANG_WARN_UNGUARDED_AVAILABILITY = YES_AGGRESSIVE;
				CLANG_WARN_UNREACHABLE_CODE = YES;
				CLANG_WARN__DUPLICATE_METHOD_MATCH = YES;
				COPY_PHASE_STRIP = NO;
				DEBUG_INFORMATION_FORMAT = dwarf;
				ENABLE_STRICT_OBJC_MSGSEND = YES;
				ENABLE_TESTABILITY = YES;
				ENABLE_USER_SCRIPT_SANDBOXING = YES;
				GCC_C_LANGUAGE_STANDARD = gnu17;
				GCC_DYNAMIC_NO_PIC = NO;
				GCC_NO_COMMON_BLOCKS = YES;
				GCC_OPTIMIZATION_LEVEL = 0;
				GCC_PREPROCESSOR_DEFINITIONS = (
					"DEBUG=1",
					"$(inherited)",
				);
				GCC_WARN_64_TO_32_BIT_CONVERSION = YES;
				GCC_WARN_ABOUT_RETURN_TYPE = YES_ERROR;
				GCC_WARN_UNDECLARED_SELECTOR = YES;
				GCC_WARN_UNINITIALIZED_AUTOS = YES_AGGRESSIVE;
				GCC_WARN_UNUSED_FUNCTION = YES;
				GCC_WARN_UNUSED_VARIABLE = YES;
				IPHONEOS_DEPLOYMENT_TARGET = 17.2;
				LOCALIZATION_PREFERS_STRING_CATALOGS = YES;
				MTL_ENABLE_DEBUG_INFO = INCLUDE_SOURCE;
				MTL_FAST_MATH = YES;
				ONLY_ACTIVE_ARCH = YES;
				SDKROOT = iphoneos;
				SWIFT_ACTIVE_COMPILATION_CONDITIONS = "DEBUG $(inherited)";
				SWIFT_OPTIMIZATION_LEVEL = "-Onone";
			};
			name = Debug;
		};
		3281C7932B888EE70073C074 /* Release */ = {
			isa = XCBuildConfiguration;
			buildSettings = {
				ALWAYS_SEARCH_USER_PATHS = NO;
				ASSETCATALOG_COMPILER_GENERATE_SWIFT_ASSET_SYMBOL_EXTENSIONS = YES;
				CLANG_ANALYZER_NONNULL = YES;
				CLANG_ANALYZER_NUMBER_OBJECT_CONVERSION = YES_AGGRESSIVE;
				CLANG_CXX_LANGUAGE_STANDARD = "gnu++20";
				CLANG_ENABLE_MODULES = YES;
				CLANG_ENABLE_OBJC_ARC = YES;
				CLANG_ENABLE_OBJC_WEAK = YES;
				CLANG_WARN_BLOCK_CAPTURE_AUTORELEASING = YES;
				CLANG_WARN_BOOL_CONVERSION = YES;
				CLANG_WARN_COMMA = YES;
				CLANG_WARN_CONSTANT_CONVERSION = YES;
				CLANG_WARN_DEPRECATED_OBJC_IMPLEMENTATIONS = YES;
				CLANG_WARN_DIRECT_OBJC_ISA_USAGE = YES_ERROR;
				CLANG_WARN_DOCUMENTATION_COMMENTS = YES;
				CLANG_WARN_EMPTY_BODY = YES;
				CLANG_WARN_ENUM_CONVERSION = YES;
				CLANG_WARN_INFINITE_RECURSION = YES;
				CLANG_WARN_INT_CONVERSION = YES;
				CLANG_WARN_NON_LITERAL_NULL_CONVERSION = YES;
				CLANG_WARN_OBJC_IMPLICIT_RETAIN_SELF = YES;
				CLANG_WARN_OBJC_LITERAL_CONVERSION = YES;
				CLANG_WARN_OBJC_ROOT_CLASS = YES_ERROR;
				CLANG_WARN_QUOTED_INCLUDE_IN_FRAMEWORK_HEADER = YES;
				CLANG_WARN_RANGE_LOOP_ANALYSIS = YES;
				CLANG_WARN_STRICT_PROTOTYPES = YES;
				CLANG_WARN_SUSPICIOUS_MOVE = YES;
				CLANG_WARN_UNGUARDED_AVAILABILITY = YES_AGGRESSIVE;
				CLANG_WARN_UNREACHABLE_CODE = YES;
				CLANG_WARN__DUPLICATE_METHOD_MATCH = YES;
				COPY_PHASE_STRIP = NO;
				DEBUG_INFORMATION_FORMAT = "dwarf-with-dsym";
				ENABLE_NS_ASSERTIONS = NO;
				ENABLE_STRICT_OBJC_MSGSEND = YES;
				ENABLE_USER_SCRIPT_SANDBOXING = YES;
				GCC_C_LANGUAGE_STANDARD = gnu17;
				GCC_NO_COMMON_BLOCKS = YES;
				GCC_WARN_64_TO_32_BIT_CONVERSION = YES;
				GCC_WARN_ABOUT_RETURN_TYPE = YES_ERROR;
				GCC_WARN_UNDECLARED_SELECTOR = YES;
				GCC_WARN_UNINITIALIZED_AUTOS = YES_AGGRESSIVE;
				GCC_WARN_UNUSED_FUNCTION = YES;
				GCC_WARN_UNUSED_VARIABLE = YES;
				IPHONEOS_DEPLOYMENT_TARGET = 17.2;
				LOCALIZATION_PREFERS_STRING_CATALOGS = YES;
				MTL_ENABLE_DEBUG_INFO = NO;
				MTL_FAST_MATH = YES;
				SDKROOT = iphoneos;
				SWIFT_COMPILATION_MODE = wholemodule;
				VALIDATE_PRODUCT = YES;
			};
			name = Release;
		};
		3281C7952B888EE70073C074 /* Debug */ = {
			isa = XCBuildConfiguration;
			buildSettings = {
				ASSETCATALOG_COMPILER_APPICON_NAME = AppIcon;
				ASSETCATALOG_COMPILER_GLOBAL_ACCENT_COLOR_NAME = AccentColor;
				CODE_SIGN_STYLE = Automatic;
				CURRENT_PROJECT_VERSION = 1;
				DEVELOPMENT_TEAM = QAGU3PFU6J;
				GENERATE_INFOPLIST_FILE = YES;
				INFOPLIST_FILE = Mandala/Info.plist;
				INFOPLIST_KEY_UIApplicationSupportsIndirectInputEvents = YES;
				INFOPLIST_KEY_UILaunchStoryboardName = LaunchScreen;
				INFOPLIST_KEY_UIMainStoryboardFile = Main;
				INFOPLIST_KEY_UISupportedInterfaceOrientations_iPad = "UIInterfaceOrientationPortrait UIInterfaceOrientationPortraitUpsideDown UIInterfaceOrientationLandscapeLeft UIInterfaceOrientationLandscapeRight";
				INFOPLIST_KEY_UISupportedInterfaceOrientations_iPhone = "UIInterfaceOrientationPortrait UIInterfaceOrientationLandscapeLeft UIInterfaceOrientationLandscapeRight";
				IPHONEOS_DEPLOYMENT_TARGET = 13.1;
				LD_RUNPATH_SEARCH_PATHS = (
					"$(inherited)",
					"@executable_path/Frameworks",
				);
				MARKETING_VERSION = 1.0;
				PRODUCT_BUNDLE_IDENTIFIER = com.jayneeljariwala.Mandala;
				PRODUCT_NAME = "$(TARGET_NAME)";
				SWIFT_EMIT_LOC_STRINGS = YES;
				SWIFT_VERSION = 5.0;
				TARGETED_DEVICE_FAMILY = "1,2";
			};
			name = Debug;
		};
		3281C7962B888EE70073C074 /* Release */ = {
			isa = XCBuildConfiguration;
			buildSettings = {
				ASSETCATALOG_COMPILER_APPICON_NAME = AppIcon;
				ASSETCATALOG_COMPILER_GLOBAL_ACCENT_COLOR_NAME = AccentColor;
				CODE_SIGN_STYLE = Automatic;
				CURRENT_PROJECT_VERSION = 1;
				DEVELOPMENT_TEAM = QAGU3PFU6J;
				GENERATE_INFOPLIST_FILE = YES;
				INFOPLIST_FILE = Mandala/Info.plist;
				INFOPLIST_KEY_UIApplicationSupportsIndirectInputEvents = YES;
				INFOPLIST_KEY_UILaunchStoryboardName = LaunchScreen;
				INFOPLIST_KEY_UIMainStoryboardFile = Main;
				INFOPLIST_KEY_UISupportedInterfaceOrientations_iPad = "UIInterfaceOrientationPortrait UIInterfaceOrientationPortraitUpsideDown UIInterfaceOrientationLandscapeLeft UIInterfaceOrientationLandscapeRight";
				INFOPLIST_KEY_UISupportedInterfaceOrientations_iPhone = "UIInterfaceOrientationPortrait UIInterfaceOrientationLandscapeLeft UIInterfaceOrientationLandscapeRight";
				IPHONEOS_DEPLOYMENT_TARGET = 13.1;
				LD_RUNPATH_SEARCH_PATHS = (
					"$(inherited)",
					"@executable_path/Frameworks",
				);
				MARKETING_VERSION = 1.0;
				PRODUCT_BUNDLE_IDENTIFIER = com.jayneeljariwala.Mandala;
				PRODUCT_NAME = "$(TARGET_NAME)";
				SWIFT_EMIT_LOC_STRINGS = YES;
				SWIFT_VERSION = 5.0;
				TARGETED_DEVICE_FAMILY = "1,2";
			};
			name = Release;
		};
/* End XCBuildConfiguration section */

/* Begin XCConfigurationList section */
		3281C77B2B888EE60073C074 /* Build configuration list for PBXProject "Mandala" */ = {
			isa = XCConfigurationList;
			buildConfigurations = (
				3281C7922B888EE70073C074 /* Debug */,
				3281C7932B888EE70073C074 /* Release */,
			);
			defaultConfigurationIsVisible = 0;
			defaultConfigurationName = Release;
		};
		3281C7942B888EE70073C074 /* Build configuration list for PBXNativeTarget "Mandala" */ = {
			isa = XCConfigurationList;
			buildConfigurations = (
				3281C7952B888EE70073C074 /* Debug */,
				3281C7962B888EE70073C074 /* Release */,
			);
			defaultConfigurationIsVisible = 0;
			defaultConfigurationName = Release;
		};
/* End XCConfigurationList section */
	};
	rootObject = 3281C7782B888EE60073C074 /* Project object */;
}
