// !$*UTF8*$!
{
	archiveVersion = 1;
	classes = {
	};
	objectVersion = 56;
	objects = {

/* Begin PBXBuildFile section */
		320B78AF2B96E69A0021B7E9 /* PhotoStore.swift in Sources */ = {isa = PBXBuildFile; fileRef = 320B78AE2B96E69A0021B7E9 /* PhotoStore.swift */; };
		320B78B12B96F2760021B7E9 /* Photo.swift in Sources */ = {isa = PBXBuildFile; fileRef = 320B78B02B96F2760021B7E9 /* Photo.swift */; };
		323BCBFA2B95D4C800646BAC /* AppDelegate.swift in Sources */ = {isa = PBXBuildFile; fileRef = 323BCBF92B95D4C800646BAC /* AppDelegate.swift */; };
		323BCBFC2B95D4C800646BAC /* SceneDelegate.swift in Sources */ = {isa = PBXBuildFile; fileRef = 323BCBFB2B95D4C800646BAC /* SceneDelegate.swift */; };
		323BCBFE2B95D4C800646BAC /* PhotosViewController.swift in Sources */ = {isa = PBXBuildFile; fileRef = 323BCBFD2B95D4C800646BAC /* PhotosViewController.swift */; };
		323BCC012B95D4C800646BAC /* Main.storyboard in Resources */ = {isa = PBXBuildFile; fileRef = 323BCBFF2B95D4C800646BAC /* Main.storyboard */; };
		323BCC032B95D4CA00646BAC /* Assets.xcassets in Resources */ = {isa = PBXBuildFile; fileRef = 323BCC022B95D4CA00646BAC /* Assets.xcassets */; };
		323BCC062B95D4CA00646BAC /* LaunchScreen.storyboard in Resources */ = {isa = PBXBuildFile; fileRef = 323BCC042B95D4CA00646BAC /* LaunchScreen.storyboard */; };
		326FF3C92B9C854E0089A2EA /* PhotoCollectionViewCell.swift in Sources */ = {isa = PBXBuildFile; fileRef = 326FF3C82B9C854D0089A2EA /* PhotoCollectionViewCell.swift */; };
		329B5CC62B96110E0051CDFB /* FlickrAPI.swift in Sources */ = {isa = PBXBuildFile; fileRef = 329B5CC52B96110E0051CDFB /* FlickrAPI.swift */; };
		329C9C572B9B237500EA5DC9 /* PhotoDataSource.swift in Sources */ = {isa = PBXBuildFile; fileRef = 329C9C562B9B237500EA5DC9 /* PhotoDataSource.swift */; };
		32AD796F2B9F2AC400889F77 /* ImageStore.swift in Sources */ = {isa = PBXBuildFile; fileRef = 32AD796E2B9F2AC400889F77 /* ImageStore.swift */; };
		32AD79712B9F2CFD00889F77 /* PhotoInfoViewController.swift in Sources */ = {isa = PBXBuildFile; fileRef = 32AD79702B9F2CFD00889F77 /* PhotoInfoViewController.swift */; };
/* End PBXBuildFile section */

/* Begin PBXFileReference section */
		320B78AE2B96E69A0021B7E9 /* PhotoStore.swift */ = {isa = PBXFileReference; lastKnownFileType = sourcecode.swift; path = PhotoStore.swift; sourceTree = "<group>"; };
		320B78B02B96F2760021B7E9 /* Photo.swift */ = {isa = PBXFileReference; lastKnownFileType = sourcecode.swift; path = Photo.swift; sourceTree = "<group>"; };
		323BCBF62B95D4C800646BAC /* Photorama.app */ = {isa = PBXFileReference; explicitFileType = wrapper.application; includeInIndex = 0; path = Photorama.app; sourceTree = BUILT_PRODUCTS_DIR; };
		323BCBF92B95D4C800646BAC /* AppDelegate.swift */ = {isa = PBXFileReference; lastKnownFileType = sourcecode.swift; path = AppDelegate.swift; sourceTree = "<group>"; };
		323BCBFB2B95D4C800646BAC /* SceneDelegate.swift */ = {isa = PBXFileReference; lastKnownFileType = sourcecode.swift; path = SceneDelegate.swift; sourceTree = "<group>"; };
		323BCBFD2B95D4C800646BAC /* PhotosViewController.swift */ = {isa = PBXFileReference; lastKnownFileType = sourcecode.swift; path = PhotosViewController.swift; sourceTree = "<group>"; };
		323BCC002B95D4C800646BAC /* Base */ = {isa = PBXFileReference; lastKnownFileType = file.storyboard; name = Base; path = Base.lproj/Main.storyboard; sourceTree = "<group>"; };
		323BCC022B95D4CA00646BAC /* Assets.xcassets */ = {isa = PBXFileReference; lastKnownFileType = folder.assetcatalog; path = Assets.xcassets; sourceTree = "<group>"; };
		323BCC052B95D4CA00646BAC /* Base */ = {isa = PBXFileReference; lastKnownFileType = file.storyboard; name = Base; path = Base.lproj/LaunchScreen.storyboard; sourceTree = "<group>"; };
		323BCC072B95D4CA00646BAC /* Info.plist */ = {isa = PBXFileReference; lastKnownFileType = text.plist.xml; path = Info.plist; sourceTree = "<group>"; };
		326FF3C82B9C854D0089A2EA /* PhotoCollectionViewCell.swift */ = {isa = PBXFileReference; lastKnownFileType = sourcecode.swift; path = PhotoCollectionViewCell.swift; sourceTree = "<group>"; };
		329B5CC52B96110E0051CDFB /* FlickrAPI.swift */ = {isa = PBXFileReference; lastKnownFileType = sourcecode.swift; path = FlickrAPI.swift; sourceTree = "<group>"; };
		329C9C562B9B237500EA5DC9 /* PhotoDataSource.swift */ = {isa = PBXFileReference; lastKnownFileType = sourcecode.swift; path = PhotoDataSource.swift; sourceTree = "<group>"; };
		32AD796E2B9F2AC400889F77 /* ImageStore.swift */ = {isa = PBXFileReference; fileEncoding = 4; lastKnownFileType = sourcecode.swift; name = ImageStore.swift; path = "../../../ch 16/LootLogger/LootLogger/ImageStore.swift"; sourceTree = "<group>"; };
		32AD79702B9F2CFD00889F77 /* PhotoInfoViewController.swift */ = {isa = PBXFileReference; lastKnownFileType = sourcecode.swift; path = PhotoInfoViewController.swift; sourceTree = "<group>"; };
/* End PBXFileReference section */

/* Begin PBXFrameworksBuildPhase section */
		323BCBF32B95D4C800646BAC /* Frameworks */ = {
			isa = PBXFrameworksBuildPhase;
			buildActionMask = 2147483647;
			files = (
			);
			runOnlyForDeploymentPostprocessing = 0;
		};
/* End PBXFrameworksBuildPhase section */

/* Begin PBXGroup section */
		323BCBED2B95D4C800646BAC = {
			isa = PBXGroup;
			children = (
				323BCBF82B95D4C800646BAC /* Photorama */,
				323BCBF72B95D4C800646BAC /* Products */,
			);
			sourceTree = "<group>";
		};
		323BCBF72B95D4C800646BAC /* Products */ = {
			isa = PBXGroup;
			children = (
				323BCBF62B95D4C800646BAC /* Photorama.app */,
			);
			name = Products;
			sourceTree = "<group>";
		};
		323BCBF82B95D4C800646BAC /* Photorama */ = {
			isa = PBXGroup;
			children = (
				323BCBF92B95D4C800646BAC /* AppDelegate.swift */,
				323BCBFB2B95D4C800646BAC /* SceneDelegate.swift */,
				323BCBFD2B95D4C800646BAC /* PhotosViewController.swift */,
				323BCBFF2B95D4C800646BAC /* Main.storyboard */,
				323BCC022B95D4CA00646BAC /* Assets.xcassets */,
				323BCC042B95D4CA00646BAC /* LaunchScreen.storyboard */,
				323BCC072B95D4CA00646BAC /* Info.plist */,
				329B5CC52B96110E0051CDFB /* FlickrAPI.swift */,
				320B78AE2B96E69A0021B7E9 /* PhotoStore.swift */,
				320B78B02B96F2760021B7E9 /* Photo.swift */,
				329C9C562B9B237500EA5DC9 /* PhotoDataSource.swift */,
				326FF3C82B9C854D0089A2EA /* PhotoCollectionViewCell.swift */,
				32AD796E2B9F2AC400889F77 /* ImageStore.swift */,
				32AD79702B9F2CFD00889F77 /* PhotoInfoViewController.swift */,
			);
			path = Photorama;
			sourceTree = "<group>";
		};
/* End PBXGroup section */

/* Begin PBXNativeTarget section */
		323BCBF52B95D4C800646BAC /* Photorama */ = {
			isa = PBXNativeTarget;
			buildConfigurationList = 323BCC0A2B95D4CA00646BAC /* Build configuration list for PBXNativeTarget "Photorama" */;
			buildPhases = (
				323BCBF22B95D4C800646BAC /* Sources */,
				323BCBF32B95D4C800646BAC /* Frameworks */,
				323BCBF42B95D4C800646BAC /* Resources */,
			);
			buildRules = (
			);
			dependencies = (
			);
			name = Photorama;
			productName = Photorama;
			productReference = 323BCBF62B95D4C800646BAC /* Photorama.app */;
			productType = "com.apple.product-type.application";
		};
/* End PBXNativeTarget section */

/* Begin PBXProject section */
		323BCBEE2B95D4C800646BAC /* Project object */ = {
			isa = PBXProject;
			attributes = {
				BuildIndependentTargetsInParallel = 1;
				LastSwiftUpdateCheck = 1520;
				LastUpgradeCheck = 1520;
				TargetAttributes = {
					323BCBF52B95D4C800646BAC = {
						CreatedOnToolsVersion = 15.2;
					};
				};
			};
			buildConfigurationList = 323BCBF12B95D4C800646BAC /* Build configuration list for PBXProject "Photorama" */;
			compatibilityVersion = "Xcode 14.0";
			developmentRegion = en;
			hasScannedForEncodings = 0;
			knownRegions = (
				en,
				Base,
			);
			mainGroup = 323BCBED2B95D4C800646BAC;
			productRefGroup = 323BCBF72B95D4C800646BAC /* Products */;
			projectDirPath = "";
			projectRoot = "";
			targets = (
				323BCBF52B95D4C800646BAC /* Photorama */,
			);
		};
/* End PBXProject section */

/* Begin PBXResourcesBuildPhase section */
		323BCBF42B95D4C800646BAC /* Resources */ = {
			isa = PBXResourcesBuildPhase;
			buildActionMask = 2147483647;
			files = (
				323BCC062B95D4CA00646BAC /* LaunchScreen.storyboard in Resources */,
				323BCC032B95D4CA00646BAC /* Assets.xcassets in Resources */,
				323BCC012B95D4C800646BAC /* Main.storyboard in Resources */,
			);
			runOnlyForDeploymentPostprocessing = 0;
		};
/* End PBXResourcesBuildPhase section */

/* Begin PBXSourcesBuildPhase section */
		323BCBF22B95D4C800646BAC /* Sources */ = {
			isa = PBXSourcesBuildPhase;
			buildActionMask = 2147483647;
			files = (
				320B78B12B96F2760021B7E9 /* Photo.swift in Sources */,
				32AD79712B9F2CFD00889F77 /* PhotoInfoViewController.swift in Sources */,
				326FF3C92B9C854E0089A2EA /* PhotoCollectionViewCell.swift in Sources */,
				329C9C572B9B237500EA5DC9 /* PhotoDataSource.swift in Sources */,
				320B78AF2B96E69A0021B7E9 /* PhotoStore.swift in Sources */,
				323BCBFE2B95D4C800646BAC /* PhotosViewController.swift in Sources */,
				32AD796F2B9F2AC400889F77 /* ImageStore.swift in Sources */,
				323BCBFA2B95D4C800646BAC /* AppDelegate.swift in Sources */,
				323BCBFC2B95D4C800646BAC /* SceneDelegate.swift in Sources */,
				329B5CC62B96110E0051CDFB /* FlickrAPI.swift in Sources */,
			);
			runOnlyForDeploymentPostprocessing = 0;
		};
/* End PBXSourcesBuildPhase section */

/* Begin PBXVariantGroup section */
		323BCBFF2B95D4C800646BAC /* Main.storyboard */ = {
			isa = PBXVariantGroup;
			children = (
				323BCC002B95D4C800646BAC /* Base */,
			);
			name = Main.storyboard;
			sourceTree = "<group>";
		};
		323BCC042B95D4CA00646BAC /* LaunchScreen.storyboard */ = {
			isa = PBXVariantGroup;
			children = (
				323BCC052B95D4CA00646BAC /* Base */,
			);
			name = LaunchScreen.storyboard;
			sourceTree = "<group>";
		};
/* End PBXVariantGroup section */

/* Begin XCBuildConfiguration section */
		323BCC082B95D4CA00646BAC /* Debug */ = {
			isa = XCBuildConfiguration;
			buildSettings = {
				ALWAYS_SEARCH_USER_PATHS = NO;
				ASSETCATALOG_COMPILER_GENERATE_SWIFT_ASSET_SYMBOL_EXTENSIONS = YES;
				CLANG_ANALYZER_NONNULL = YES;
				CLANG_ANALYZER_NUMBER_OBJECT_CONVERSION = YES_AGGRESSIVE;
				CLANG_CXX_LANGUAGE_STANDARD = "gnu++20";
				CLANG_ENABLE_MODULES = YES;
				CLANG_ENABLE_OBJC_ARC = YES;
				CLANG_ENABLE_OBJC_WEAK = YES;
				CLANG_WARN_BLOCK_CAPTURE_AUTORELEASING = YES;
				CLANG_WARN_BOOL_CONVERSION = YES;
				CLANG_WARN_COMMA = YES;
				CLANG_WARN_CONSTANT_CONVERSION = YES;
				CLANG_WARN_DEPRECATED_OBJC_IMPLEMENTATIONS = YES;
				CLANG_WARN_DIRECT_OBJC_ISA_USAGE = YES_ERROR;
				CLANG_WARN_DOCUMENTATION_COMMENTS = YES;
				CLANG_WARN_EMPTY_BODY = YES;
				CLANG_WARN_ENUM_CONVERSION = YES;
				CLANG_WARN_INFINITE_RECURSION = YES;
				CLANG_WARN_INT_CONVERSION = YES;
				CLANG_WARN_NON_LITERAL_NULL_CONVERSION = YES;
				CLANG_WARN_OBJC_IMPLICIT_RETAIN_SELF = YES;
				CLANG_WARN_OBJC_LITERAL_CONVERSION = YES;
				CLANG_WARN_OBJC_ROOT_CLASS = YES_ERROR;
				CLANG_WARN_QUOTED_INCLUDE_IN_FRAMEWORK_HEADER = YES;
				CLANG_WARN_RANGE_LOOP_ANALYSIS = YES;
				CLANG_WARN_STRICT_PROTOTYPES = YES;
				CLANG_WARN_SUSPICIOUS_MOVE = YES;
				CLANG_WARN_UNGUARDED_AVAILABILITY = YES_AGGRESSIVE;
				CLANG_WARN_UNREACHABLE_CODE = YES;
				CLANG_WARN__DUPLICATE_METHOD_MATCH = YES;
				COPY_PHASE_STRIP = NO;
				DEBUG_INFORMATION_FORMAT = dwarf;
				ENABLE_STRICT_OBJC_MSGSEND = YES;
				ENABLE_TESTABILITY = YES;
				ENABLE_USER_SCRIPT_SANDBOXING = YES;
				GCC_C_LANGUAGE_STANDARD = gnu17;
				GCC_DYNAMIC_NO_PIC = NO;
				GCC_NO_COMMON_BLOCKS = YES;
				GCC_OPTIMIZATION_LEVEL = 0;
				GCC_PREPROCESSOR_DEFINITIONS = (
					"DEBUG=1",
					"$(inherited)",
				);
				GCC_WARN_64_TO_32_BIT_CONVERSION = YES;
				GCC_WARN_ABOUT_RETURN_TYPE = YES_ERROR;
				GCC_WARN_UNDECLARED_SELECTOR = YES;
				GCC_WARN_UNINITIALIZED_AUTOS = YES_AGGRESSIVE;
				GCC_WARN_UNUSED_FUNCTION = YES;
				GCC_WARN_UNUSED_VARIABLE = YES;
				IPHONEOS_DEPLOYMENT_TARGET = 17.2;
				LOCALIZATION_PREFERS_STRING_CATALOGS = YES;
				MTL_ENABLE_DEBUG_INFO = INCLUDE_SOURCE;
				MTL_FAST_MATH = YES;
				ONLY_ACTIVE_ARCH = YES;
				SDKROOT = iphoneos;
				SWIFT_ACTIVE_COMPILATION_CONDITIONS = "DEBUG $(inherited)";
				SWIFT_OPTIMIZATION_LEVEL = "-Onone";
			};
			name = Debug;
		};
		323BCC092B95D4CA00646BAC /* Release */ = {
			isa = XCBuildConfiguration;
			buildSettings = {
				ALWAYS_SEARCH_USER_PATHS = NO;
				ASSETCATALOG_COMPILER_GENERATE_SWIFT_ASSET_SYMBOL_EXTENSIONS = YES;
				CLANG_ANALYZER_NONNULL = YES;
				CLANG_ANALYZER_NUMBER_OBJECT_CONVERSION = YES_AGGRESSIVE;
				CLANG_CXX_LANGUAGE_STANDARD = "gnu++20";
				CLANG_ENABLE_MODULES = YES;
				CLANG_ENABLE_OBJC_ARC = YES;
				CLANG_ENABLE_OBJC_WEAK = YES;
				CLANG_WARN_BLOCK_CAPTURE_AUTORELEASING = YES;
				CLANG_WARN_BOOL_CONVERSION = YES;
				CLANG_WARN_COMMA = YES;
				CLANG_WARN_CONSTANT_CONVERSION = YES;
				CLANG_WARN_DEPRECATED_OBJC_IMPLEMENTATIONS = YES;
				CLANG_WARN_DIRECT_OBJC_ISA_USAGE = YES_ERROR;
				CLANG_WARN_DOCUMENTATION_COMMENTS = YES;
				CLANG_WARN_EMPTY_BODY = YES;
				CLANG_WARN_ENUM_CONVERSION = YES;
				CLANG_WARN_INFINITE_RECURSION = YES;
				CLANG_WARN_INT_CONVERSION = YES;
				CLANG_WARN_NON_LITERAL_NULL_CONVERSION = YES;
				CLANG_WARN_OBJC_IMPLICIT_RETAIN_SELF = YES;
				CLANG_WARN_OBJC_LITERAL_CONVERSION = YES;
				CLANG_WARN_OBJC_ROOT_CLASS = YES_ERROR;
				CLANG_WARN_QUOTED_INCLUDE_IN_FRAMEWORK_HEADER = YES;
				CLANG_WARN_RANGE_LOOP_ANALYSIS = YES;
				CLANG_WARN_STRICT_PROTOTYPES = YES;
				CLANG_WARN_SUSPICIOUS_MOVE = YES;
				CLANG_WARN_UNGUARDED_AVAILABILITY = YES_AGGRESSIVE;
				CLANG_WARN_UNREACHABLE_CODE = YES;
				CLANG_WARN__DUPLICATE_METHOD_MATCH = YES;
				COPY_PHASE_STRIP = NO;
				DEBUG_INFORMATION_FORMAT = "dwarf-with-dsym";
				ENABLE_NS_ASSERTIONS = NO;
				ENABLE_STRICT_OBJC_MSGSEND = YES;
				ENABLE_USER_SCRIPT_SANDBOXING = YES;
				GCC_C_LANGUAGE_STANDARD = gnu17;
				GCC_NO_COMMON_BLOCKS = YES;
				GCC_WARN_64_TO_32_BIT_CONVERSION = YES;
				GCC_WARN_ABOUT_RETURN_TYPE = YES_ERROR;
				GCC_WARN_UNDECLARED_SELECTOR = YES;
				GCC_WARN_UNINITIALIZED_AUTOS = YES_AGGRESSIVE;
				GCC_WARN_UNUSED_FUNCTION = YES;
				GCC_WARN_UNUSED_VARIABLE = YES;
				IPHONEOS_DEPLOYMENT_TARGET = 17.2;
				LOCALIZATION_PREFERS_STRING_CATALOGS = YES;
				MTL_ENABLE_DEBUG_INFO = NO;
				MTL_FAST_MATH = YES;
				SDKROOT = iphoneos;
				SWIFT_COMPILATION_MODE = wholemodule;
				VALIDATE_PRODUCT = YES;
			};
			name = Release;
		};
		323BCC0B2B95D4CA00646BAC /* Debug */ = {
			isa = XCBuildConfiguration;
			buildSettings = {
				ASSETCATALOG_COMPILER_APPICON_NAME = AppIcon;
				ASSETCATALOG_COMPILER_GLOBAL_ACCENT_COLOR_NAME = AccentColor;
				CODE_SIGN_STYLE = Automatic;
				CURRENT_PROJECT_VERSION = 1;
				DEVELOPMENT_TEAM = QAGU3PFU6J;
				GENERATE_INFOPLIST_FILE = YES;
				INFOPLIST_FILE = Photorama/Info.plist;
				INFOPLIST_KEY_UIApplicationSupportsIndirectInputEvents = YES;
				INFOPLIST_KEY_UILaunchStoryboardName = LaunchScreen;
				INFOPLIST_KEY_UIMainStoryboardFile = Main;
				INFOPLIST_KEY_UISupportedInterfaceOrientations_iPad = "UIInterfaceOrientationPortrait UIInterfaceOrientationPortraitUpsideDown UIInterfaceOrientationLandscapeLeft UIInterfaceOrientationLandscapeRight";
				INFOPLIST_KEY_UISupportedInterfaceOrientations_iPhone = "UIInterfaceOrientationPortrait UIInterfaceOrientationLandscapeLeft UIInterfaceOrientationLandscapeRight";
				IPHONEOS_DEPLOYMENT_TARGET = 13.1;
				LD_RUNPATH_SEARCH_PATHS = (
					"$(inherited)",
					"@executable_path/Frameworks",
				);
				MARKETING_VERSION = 1.0;
				PRODUCT_BUNDLE_IDENTIFIER = com.jayneeljariwala.Photorama;
				PRODUCT_NAME = "$(TARGET_NAME)";
				SWIFT_EMIT_LOC_STRINGS = YES;
				SWIFT_VERSION = 5.0;
				TARGETED_DEVICE_FAMILY = "1,2";
			};
			name = Debug;
		};
		323BCC0C2B95D4CA00646BAC /* Release */ = {
			isa = XCBuildConfiguration;
			buildSettings = {
				ASSETCATALOG_COMPILER_APPICON_NAME = AppIcon;
				ASSETCATALOG_COMPILER_GLOBAL_ACCENT_COLOR_NAME = AccentColor;
				CODE_SIGN_STYLE = Automatic;
				CURRENT_PROJECT_VERSION = 1;
				DEVELOPMENT_TEAM = QAGU3PFU6J;
				GENERATE_INFOPLIST_FILE = YES;
				INFOPLIST_FILE = Photorama/Info.plist;
				INFOPLIST_KEY_UIApplicationSupportsIndirectInputEvents = YES;
				INFOPLIST_KEY_UILaunchStoryboardName = LaunchScreen;
				INFOPLIST_KEY_UIMainStoryboardFile = Main;
				INFOPLIST_KEY_UISupportedInterfaceOrientations_iPad = "UIInterfaceOrientationPortrait UIInterfaceOrientationPortraitUpsideDown UIInterfaceOrientationLandscapeLeft UIInterfaceOrientationLandscapeRight";
				INFOPLIST_KEY_UISupportedInterfaceOrientations_iPhone = "UIInterfaceOrientationPortrait UIInterfaceOrientationLandscapeLeft UIInterfaceOrientationLandscapeRight";
				IPHONEOS_DEPLOYMENT_TARGET = 13.1;
				LD_RUNPATH_SEARCH_PATHS = (
					"$(inherited)",
					"@executable_path/Frameworks",
				);
				MARKETING_VERSION = 1.0;
				PRODUCT_BUNDLE_IDENTIFIER = com.jayneeljariwala.Photorama;
				PRODUCT_NAME = "$(TARGET_NAME)";
				SWIFT_EMIT_LOC_STRINGS = YES;
				SWIFT_VERSION = 5.0;
				TARGETED_DEVICE_FAMILY = "1,2";
			};
			name = Release;
		};
/* End XCBuildConfiguration section */

/* Begin XCConfigurationList section */
		323BCBF12B95D4C800646BAC /* Build configuration list for PBXProject "Photorama" */ = {
			isa = XCConfigurationList;
			buildConfigurations = (
				323BCC082B95D4CA00646BAC /* Debug */,
				323BCC092B95D4CA00646BAC /* Release */,
			);
			defaultConfigurationIsVisible = 0;
			defaultConfigurationName = Release;
		};
		323BCC0A2B95D4CA00646BAC /* Build configuration list for PBXNativeTarget "Photorama" */ = {
			isa = XCConfigurationList;
			buildConfigurations = (
				323BCC0B2B95D4CA00646BAC /* Debug */,
				323BCC0C2B95D4CA00646BAC /* Release */,
			);
			defaultConfigurationIsVisible = 0;
			defaultConfigurationName = Release;
		};
/* End XCConfigurationList section */
	};
	rootObject = 323BCBEE2B95D4C800646BAC /* Project object */;
}
